SITE
  remote: http://community.opscode.com/api/v1
  specs:
    apt (1.5.0)
    build-essential (1.2.0)
    git (0.10.0)
      runit (>= 0.0.0)
      yum (>= 0.0.0)
    runit (0.15.0)
    tmux (1.1.2)
    yum (0.8.0)

PATH
  remote: vendor/cookbooks/gnat
  specs:
    gnat (0.0.1)
      build-essential (>= 0.0.0)
      git (>= 0.0.0)

DEPENDENCIES
  apt (= 1.5.0)
  build-essential (>= 0)
  git (= 0.10.0)
  gnat (>= 0)
  tmux (= 1.1.2)

